{
  "version": 4,
  "terraform_version": "1.0.8",
  "serial": 9,
  "lineage": "ebfb8247-60c9-f450-0993-003e557ac1b1",
  "outputs": {
    "aws_db_instance_address_info": {
      "value": "terraform-20211023162625420900000001.cjec0w3aixuf.us-east-1.rds.amazonaws.com",
      "type": "string"
    },
    "aws_db_instance_arn_info": {
      "value": "arn:aws:rds:us-east-1:160165808610:db:terraform-20211023162625420900000001",
      "type": "string"
    },
    "aws_db_instance_endpoint_info": {
      "value": "terraform-20211023162625420900000001.cjec0w3aixuf.us-east-1.rds.amazonaws.com:3306",
      "type": "string"
    },
    "aws_eip_ec2_id_info": {
      "value": "eipalloc-0602a1cd9af90117c",
      "type": "string"
    },
    "aws_eip_ec2_priv_info": {
      "value": "172.31.0.100",
      "type": "string"
    },
    "aws_eip_ec2_pub_info": {
      "value": "3.217.9.185",
      "type": "string"
    },
    "aws_iam_instance_profile_arn_info": {
      "value": "arn:aws:iam::160165808610:instance-profile/EC2-Instance-Profile-Cicerow",
      "type": "string"
    },
    "aws_iam_instance_profile_id_info": {
      "value": "EC2-Instance-Profile-Cicerow",
      "type": "string"
    },
    "aws_iam_role_info": {
      "value": "arn:aws:iam::160165808610:role/EC2-IAM-Role-Cicerow",
      "type": "string"
    },
    "aws_iam_role_policy_info": {
      "value": "EC2-IAM-Role-Cicerow:EC2-IAM-Policy-Cicerow",
      "type": "string"
    },
    "aws_instance_arn_info": {
      "value": "arn:aws:ec2:us-east-1:160165808610:instance/i-0b774349000afd808",
      "type": "string"
    },
    "aws_instance_id_info": {
      "value": "i-0b774349000afd808",
      "type": "string"
    },
    "aws_s3_bucket_info": {
      "value": "arn:aws:s3:::bucket-s3-with-html-files-to-deploy",
      "type": "string"
    }
  },
  "resources": [
    {
      "mode": "managed",
      "type": "aws_db_instance",
      "name": "rds_db_instance",
      "provider": "provider[\"registry.terraform.io/hashicorp/aws\"]",
      "instances": [
        {
          "schema_version": 1,
          "attributes": {
            "address": "terraform-20211023162625420900000001.cjec0w3aixuf.us-east-1.rds.amazonaws.com",
            "allocated_storage": 10,
            "allow_major_version_upgrade": null,
            "apply_immediately": null,
            "arn": "arn:aws:rds:us-east-1:160165808610:db:terraform-20211023162625420900000001",
            "auto_minor_version_upgrade": true,
            "availability_zone": "us-east-1f",
            "backup_retention_period": 0,
            "backup_window": "10:17-10:47",
            "ca_cert_identifier": "rds-ca-2019",
            "character_set_name": "",
            "copy_tags_to_snapshot": false,
            "customer_owned_ip_enabled": false,
            "db_subnet_group_name": "default",
            "delete_automated_backups": true,
            "deletion_protection": false,
            "domain": "",
            "domain_iam_role_name": "",
            "enabled_cloudwatch_logs_exports": null,
            "endpoint": "terraform-20211023162625420900000001.cjec0w3aixuf.us-east-1.rds.amazonaws.com:3306",
            "engine": "mysql",
            "engine_version": "5.7",
            "engine_version_actual": "5.7.33",
            "final_snapshot_identifier": null,
            "hosted_zone_id": "Z2R2ITUGPM61AM",
            "iam_database_authentication_enabled": false,
            "id": "terraform-20211023162625420900000001",
            "identifier": "terraform-20211023162625420900000001",
            "identifier_prefix": null,
            "instance_class": "db.t3.micro",
            "iops": 0,
            "kms_key_id": "",
            "latest_restorable_time": "0001-01-01T00:00:00Z",
            "license_model": "general-public-license",
            "maintenance_window": "fri:08:54-fri:09:24",
            "max_allocated_storage": 50,
            "monitoring_interval": 0,
            "monitoring_role_arn": "",
            "multi_az": false,
            "name": "db1",
            "nchar_character_set_name": "",
            "option_group_name": "default:mysql-5-7",
            "parameter_group_name": "default.mysql5.7",
            "password": "123qweasdzxc123qweasdzxc",
            "performance_insights_enabled": false,
            "performance_insights_kms_key_id": "",
            "performance_insights_retention_period": 0,
            "port": 3306,
            "publicly_accessible": false,
            "replica_mode": "",
            "replicas": [],
            "replicate_source_db": "",
            "resource_id": "db-QSI57ITPHS3ZCAOMJIZBUXMGBM",
            "restore_to_point_in_time": [],
            "s3_import": [],
            "security_group_names": null,
            "skip_final_snapshot": true,
            "snapshot_identifier": null,
            "status": "available",
            "storage_encrypted": false,
            "storage_type": "gp2",
            "tags": null,
            "tags_all": {},
            "timeouts": null,
            "timezone": "",
            "username": "databaseadmin",
            "vpc_security_group_ids": [
              "sg-ee6a9fff"
            ]
          },
          "sensitive_attributes": [],
          "private": "eyJlMmJmYjczMC1lY2FhLTExZTYtOGY4OC0zNDM2M2JjN2M0YzAiOnsiY3JlYXRlIjoyNDAwMDAwMDAwMDAwLCJkZWxldGUiOjM2MDAwMDAwMDAwMDAsInVwZGF0ZSI6NDgwMDAwMDAwMDAwMH0sInNjaGVtYV92ZXJzaW9uIjoiMSJ9"
        }
      ]
    },
    {
      "mode": "managed",
      "type": "aws_eip",
      "name": "ec2_elastic_ip",
      "provider": "provider[\"registry.terraform.io/hashicorp/aws\"]",
      "instances": [
        {
          "schema_version": 0,
          "attributes": {
            "address": null,
            "allocation_id": null,
            "associate_with_private_ip": null,
            "association_id": "eipassoc-05a1ccfca5fe819d3",
            "carrier_ip": "",
            "customer_owned_ip": "",
            "customer_owned_ipv4_pool": "",
            "domain": "vpc",
            "id": "eipalloc-0602a1cd9af90117c",
            "instance": "i-0b774349000afd808",
            "network_border_group": "us-east-1",
            "network_interface": "eni-0093ec31dda6c140d",
            "private_dns": "ip-172-31-0-100.ec2.internal",
            "private_ip": "172.31.0.100",
            "public_dns": "ec2-3-217-9-185.compute-1.amazonaws.com",
            "public_ip": "3.217.9.185",
            "public_ipv4_pool": "amazon",
            "tags": {
              "Environment": "Production",
              "Name": "Debian01-EP-Cicerow",
              "Project": "TerraformTest"
            },
            "tags_all": {
              "Environment": "Production",
              "Name": "Debian01-EP-Cicerow",
              "Project": "TerraformTest"
            },
            "timeouts": null,
            "vpc": true
          },
          "sensitive_attributes": [],
          "private": "eyJlMmJmYjczMC1lY2FhLTExZTYtOGY4OC0zNDM2M2JjN2M0YzAiOnsiZGVsZXRlIjoxODAwMDAwMDAwMDAsInJlYWQiOjkwMDAwMDAwMDAwMCwidXBkYXRlIjozMDAwMDAwMDAwMDB9fQ==",
          "dependencies": [
            "aws_db_instance.rds_db_instance",
            "aws_iam_instance_profile.ec2_instance_profile",
            "aws_iam_role.ec2_iam_role",
            "aws_instance.debian01",
            "aws_network_interface.ec2_private_ip"
          ]
        }
      ]
    },
    {
      "mode": "managed",
      "type": "aws_iam_instance_profile",
      "name": "ec2_instance_profile",
      "provider": "provider[\"registry.terraform.io/hashicorp/aws\"]",
      "instances": [
        {
          "schema_version": 0,
          "attributes": {
            "arn": "arn:aws:iam::160165808610:instance-profile/EC2-Instance-Profile-Cicerow",
            "create_date": "2021-10-23T16:26:27Z",
            "id": "EC2-Instance-Profile-Cicerow",
            "name": "EC2-Instance-Profile-Cicerow",
            "name_prefix": null,
            "path": "/",
            "role": "EC2-IAM-Role-Cicerow",
            "tags": null,
            "tags_all": {},
            "unique_id": "AIPASKSVAJHRE6CZITL2O"
          },
          "sensitive_attributes": [],
          "private": "bnVsbA==",
          "dependencies": [
            "aws_iam_role.ec2_iam_role"
          ]
        }
      ]
    },
    {
      "mode": "managed",
      "type": "aws_iam_role",
      "name": "ec2_iam_role",
      "provider": "provider[\"registry.terraform.io/hashicorp/aws\"]",
      "instances": [
        {
          "schema_version": 0,
          "attributes": {
            "arn": "arn:aws:iam::160165808610:role/EC2-IAM-Role-Cicerow",
            "assume_role_policy": "{\"Version\":\"2012-10-17\",\"Statement\":[{\"Sid\":\"\",\"Effect\":\"Allow\",\"Principal\":{\"Service\":\"ec2.amazonaws.com\"},\"Action\":\"sts:AssumeRole\"}]}",
            "create_date": "2021-10-23T16:26:25Z",
            "description": "",
            "force_detach_policies": false,
            "id": "EC2-IAM-Role-Cicerow",
            "inline_policy": [
              {
                "name": "",
                "policy": ""
              }
            ],
            "managed_policy_arns": [],
            "max_session_duration": 3600,
            "name": "EC2-IAM-Role-Cicerow",
            "name_prefix": "",
            "path": "/",
            "permissions_boundary": null,
            "tags": null,
            "tags_all": {},
            "unique_id": "AROASKSVAJHRJPBXQ35C3"
          },
          "sensitive_attributes": [],
          "private": "bnVsbA=="
        }
      ]
    },
    {
      "mode": "managed",
      "type": "aws_iam_role_policy",
      "name": "ec2_iam_policy",
      "provider": "provider[\"registry.terraform.io/hashicorp/aws\"]",
      "instances": [
        {
          "schema_version": 0,
          "attributes": {
            "id": "EC2-IAM-Role-Cicerow:EC2-IAM-Policy-Cicerow",
            "name": "EC2-IAM-Policy-Cicerow",
            "name_prefix": null,
            "policy": "{\n    \"Version\":   \"2012-10-17\",\n    \"Statement\": [\n        {\n            \"Action\": [\n                \"s3:*\"\n            ],\n            \"Effect\": \"Allow\",\n            \"Resource\": \"*\"\n        }\n    ]\n}",
            "role": "EC2-IAM-Role-Cicerow"
          },
          "sensitive_attributes": [],
          "private": "bnVsbA==",
          "dependencies": [
            "aws_iam_role.ec2_iam_role"
          ]
        }
      ]
    },
    {
      "mode": "managed",
      "type": "aws_instance",
      "name": "debian01",
      "provider": "provider[\"registry.terraform.io/hashicorp/aws\"]",
      "instances": [
        {
          "schema_version": 1,
          "attributes": {
            "ami": "ami-07d02ee1eeb0c996c",
            "arn": "arn:aws:ec2:us-east-1:160165808610:instance/i-0b774349000afd808",
            "associate_public_ip_address": true,
            "availability_zone": "us-east-1a",
            "capacity_reservation_specification": [
              {
                "capacity_reservation_preference": "open",
                "capacity_reservation_target": []
              }
            ],
            "cpu_core_count": 1,
            "cpu_threads_per_core": 1,
            "credit_specification": [
              {
                "cpu_credits": "standard"
              }
            ],
            "disable_api_termination": false,
            "ebs_block_device": [],
            "ebs_optimized": false,
            "enclave_options": [
              {
                "enabled": false
              }
            ],
            "ephemeral_block_device": [],
            "get_password_data": false,
            "hibernation": false,
            "host_id": null,
            "iam_instance_profile": "EC2-Instance-Profile-Cicerow",
            "id": "i-0b774349000afd808",
            "instance_initiated_shutdown_behavior": "stop",
            "instance_state": "running",
            "instance_type": "t2.micro",
            "ipv6_address_count": 0,
            "ipv6_addresses": [],
            "key_name": "terraform-try-out",
            "launch_template": [],
            "metadata_options": [
              {
                "http_endpoint": "enabled",
                "http_put_response_hop_limit": 1,
                "http_tokens": "optional"
              }
            ],
            "monitoring": false,
            "network_interface": [
              {
                "delete_on_termination": false,
                "device_index": 0,
                "network_interface_id": "eni-0093ec31dda6c140d"
              }
            ],
            "outpost_arn": "",
            "password_data": "",
            "placement_group": "",
            "placement_partition_number": null,
            "primary_network_interface_id": "eni-0093ec31dda6c140d",
            "private_dns": "ip-172-31-0-100.ec2.internal",
            "private_ip": "172.31.0.100",
            "public_dns": "ec2-3-236-174-10.compute-1.amazonaws.com",
            "public_ip": "3.236.174.10",
            "root_block_device": [
              {
                "delete_on_termination": true,
                "device_name": "/dev/xvda",
                "encrypted": false,
                "iops": 100,
                "kms_key_id": "",
                "tags": {},
                "throughput": 0,
                "volume_id": "vol-072ec4e625906d6ab",
                "volume_size": 8,
                "volume_type": "gp2"
              }
            ],
            "secondary_private_ips": [],
            "security_groups": [
              "default"
            ],
            "source_dest_check": true,
            "subnet_id": "subnet-10cfe376",
            "tags": {
              "Contact": "Cicero Woshington \u003ccicerow.ordb@gmail.com\u003e",
              "Environment": "Production",
              "Name": "Debian01-Cicerow",
              "Project": "TerraformTest"
            },
            "tags_all": {
              "Contact": "Cicero Woshington \u003ccicerow.ordb@gmail.com\u003e",
              "Environment": "Production",
              "Name": "Debian01-Cicerow",
              "Project": "TerraformTest"
            },
            "tenancy": "default",
            "timeouts": null,
            "user_data": "7152ff4011667e4f993141acc9b147bd32385f42",
            "user_data_base64": null,
            "volume_tags": null,
            "vpc_security_group_ids": [
              "sg-ee6a9fff"
            ]
          },
          "sensitive_attributes": [],
          "private": "eyJlMmJmYjczMC1lY2FhLTExZTYtOGY4OC0zNDM2M2JjN2M0YzAiOnsiY3JlYXRlIjo2MDAwMDAwMDAwMDAsImRlbGV0ZSI6MTIwMDAwMDAwMDAwMCwidXBkYXRlIjo2MDAwMDAwMDAwMDB9LCJzY2hlbWFfdmVyc2lvbiI6IjEifQ==",
          "dependencies": [
            "aws_db_instance.rds_db_instance",
            "aws_iam_instance_profile.ec2_instance_profile",
            "aws_iam_role.ec2_iam_role",
            "aws_network_interface.ec2_private_ip"
          ]
        }
      ]
    },
    {
      "mode": "managed",
      "type": "aws_network_interface",
      "name": "ec2_private_ip",
      "provider": "provider[\"registry.terraform.io/hashicorp/aws\"]",
      "instances": [
        {
          "schema_version": 0,
          "attributes": {
            "attachment": [],
            "description": "",
            "id": "eni-0093ec31dda6c140d",
            "interface_type": "interface",
            "ipv6_address_count": 0,
            "ipv6_addresses": [],
            "mac_address": "02:04:9b:f4:3c:01",
            "outpost_arn": "",
            "private_dns_name": "ip-172-31-0-100.ec2.internal",
            "private_ip": "172.31.0.100",
            "private_ips": [
              "172.31.0.100"
            ],
            "private_ips_count": 0,
            "security_groups": [
              "sg-ee6a9fff"
            ],
            "source_dest_check": true,
            "subnet_id": "subnet-10cfe376",
            "tags": null,
            "tags_all": {}
          },
          "sensitive_attributes": [],
          "private": "bnVsbA=="
        }
      ]
    },
    {
      "mode": "managed",
      "type": "aws_s3_bucket",
      "name": "bucket_html",
      "provider": "provider[\"registry.terraform.io/hashicorp/aws\"]",
      "instances": [
        {
          "schema_version": 0,
          "attributes": {
            "acceleration_status": "",
            "acl": "private",
            "arn": "arn:aws:s3:::bucket-s3-with-html-files-to-deploy",
            "bucket": "bucket-s3-with-html-files-to-deploy",
            "bucket_domain_name": "bucket-s3-with-html-files-to-deploy.s3.amazonaws.com",
            "bucket_prefix": null,
            "bucket_regional_domain_name": "bucket-s3-with-html-files-to-deploy.s3.amazonaws.com",
            "cors_rule": [],
            "force_destroy": false,
            "grant": [],
            "hosted_zone_id": "Z3AQBSTGFYJSTF",
            "id": "bucket-s3-with-html-files-to-deploy",
            "lifecycle_rule": [],
            "logging": [],
            "object_lock_configuration": [],
            "policy": null,
            "region": "us-east-1",
            "replication_configuration": [],
            "request_payer": "BucketOwner",
            "server_side_encryption_configuration": [],
            "tags": null,
            "tags_all": {},
            "versioning": [
              {
                "enabled": false,
                "mfa_delete": false
              }
            ],
            "website": [],
            "website_domain": null,
            "website_endpoint": null
          },
          "sensitive_attributes": [],
          "private": "bnVsbA=="
        }
      ]
    }
  ]
}
