{
  "version": 4,
  "terraform_version": "1.0.8",
  "serial": 15,
  "lineage": "ebfb8247-60c9-f450-0993-003e557ac1b1",
  "outputs": {
    "aws_db_instance_address_info": {
      "value": "terraform-20231014172223664700000002.c9epjyp5bqxs.us-east-1.rds.amazonaws.com",
      "type": "string"
    },
    "aws_db_instance_arn_info": {
      "value": "arn:aws:rds:us-east-1:743322645550:db:terraform-20231014172223664700000002",
      "type": "string"
    },
    "aws_db_instance_endpoint_info": {
      "value": "terraform-20231014172223664700000002.c9epjyp5bqxs.us-east-1.rds.amazonaws.com:3306",
      "type": "string"
    },
    "aws_eip_ec2_id_info": {
      "value": "eipalloc-0e1e9b1da54244c7b",
      "type": "string"
    },
    "aws_eip_ec2_priv_info": {
      "value": "172.31.0.100",
      "type": "string"
    },
    "aws_eip_ec2_pub_info": {
      "value": "44.195.114.83",
      "type": "string"
    },
    "aws_iam_instance_profile_arn_info": {
      "value": "arn:aws:iam::743322645550:instance-profile/EC2-Instance-Profile-Cicerow",
      "type": "string"
    },
    "aws_iam_instance_profile_id_info": {
      "value": "EC2-Instance-Profile-Cicerow",
      "type": "string"
    },
    "aws_iam_role_info": {
      "value": "arn:aws:iam::743322645550:role/EC2-IAM-Role-Cicerow",
      "type": "string"
    },
    "aws_iam_role_policy_info": {
      "value": "EC2-IAM-Role-Cicerow:EC2-IAM-Policy-Cicerow",
      "type": "string"
    },
    "aws_instance_arn_info": {
      "value": "arn:aws:ec2:us-east-1:743322645550:instance/i-05d0c68e876fd7886",
      "type": "string"
    },
    "aws_instance_id_info": {
      "value": "i-05d0c68e876fd7886",
      "type": "string"
    },
    "aws_s3_module_info": {
      "value": {
        "aws_s3_bucket_info": "arn:aws:s3:::bucket-s3-with-html-files-to-deploy-001100"
      },
      "type": [
        "object",
        {
          "aws_s3_bucket_info": "string"
        }
      ]
    }
  },
  "resources": [
    {
      "mode": "managed",
      "type": "aws_db_instance",
      "name": "rds_db_instance",
      "provider": "provider[\"registry.terraform.io/hashicorp/aws\"]",
      "instances": [
        {
          "schema_version": 2,
          "attributes": {
            "address": "terraform-20231014172223664700000002.c9epjyp5bqxs.us-east-1.rds.amazonaws.com",
            "allocated_storage": 10,
            "allow_major_version_upgrade": null,
            "apply_immediately": false,
            "arn": "arn:aws:rds:us-east-1:743322645550:db:terraform-20231014172223664700000002",
            "auto_minor_version_upgrade": true,
            "availability_zone": "us-east-1d",
            "backup_retention_period": 0,
            "backup_target": "region",
            "backup_window": "08:07-08:37",
            "blue_green_update": [],
            "ca_cert_identifier": "rds-ca-2019",
            "character_set_name": "",
            "copy_tags_to_snapshot": false,
            "custom_iam_instance_profile": "",
            "customer_owned_ip_enabled": false,
            "db_name": "",
            "db_subnet_group_name": "default",
            "delete_automated_backups": true,
            "deletion_protection": false,
            "domain": "",
            "domain_iam_role_name": "",
            "enabled_cloudwatch_logs_exports": null,
            "endpoint": "terraform-20231014172223664700000002.c9epjyp5bqxs.us-east-1.rds.amazonaws.com:3306",
            "engine": "mysql",
            "engine_version": "5.7",
            "engine_version_actual": "5.7.42",
            "final_snapshot_identifier": null,
            "hosted_zone_id": "Z2R2ITUGPM61AM",
            "iam_database_authentication_enabled": false,
            "id": "db-OO2P54QTJOAMEKY3CDJGJYK364",
            "identifier": "terraform-20231014172223664700000002",
            "identifier_prefix": "terraform-",
            "instance_class": "db.t3.micro",
            "iops": 0,
            "kms_key_id": "",
            "latest_restorable_time": "",
            "license_model": "general-public-license",
            "listener_endpoint": [],
            "maintenance_window": "mon:06:09-mon:06:39",
            "manage_master_user_password": null,
            "master_user_secret": [],
            "master_user_secret_kms_key_id": null,
            "max_allocated_storage": 50,
            "monitoring_interval": 0,
            "monitoring_role_arn": "",
            "multi_az": false,
            "nchar_character_set_name": "",
            "network_type": "IPV4",
            "option_group_name": "default:mysql-5-7",
            "parameter_group_name": "default.mysql5.7",
            "password": "123qweasdzxc123qweasdzxc",
            "performance_insights_enabled": false,
            "performance_insights_kms_key_id": "",
            "performance_insights_retention_period": 0,
            "port": 3306,
            "publicly_accessible": false,
            "replica_mode": "",
            "replicas": [],
            "replicate_source_db": "",
            "resource_id": "db-OO2P54QTJOAMEKY3CDJGJYK364",
            "restore_to_point_in_time": [],
            "s3_import": [],
            "skip_final_snapshot": true,
            "snapshot_identifier": null,
            "status": "available",
            "storage_encrypted": false,
            "storage_throughput": 0,
            "storage_type": "gp2",
            "tags": null,
            "tags_all": {},
            "timeouts": null,
            "timezone": "",
            "username": "databaseadmin",
            "vpc_security_group_ids": [
              "sg-27af4c74"
            ]
          },
          "sensitive_attributes": [],
          "private": "eyJlMmJmYjczMC1lY2FhLTExZTYtOGY4OC0zNDM2M2JjN2M0YzAiOnsiY3JlYXRlIjoyNDAwMDAwMDAwMDAwLCJkZWxldGUiOjM2MDAwMDAwMDAwMDAsInVwZGF0ZSI6NDgwMDAwMDAwMDAwMH0sInNjaGVtYV92ZXJzaW9uIjoiMiJ9"
        }
      ]
    },
    {
      "mode": "managed",
      "type": "aws_eip",
      "name": "ec2_elastic_ip",
      "provider": "provider[\"registry.terraform.io/hashicorp/aws\"]",
      "instances": [
        {
          "schema_version": 0,
          "attributes": {
            "address": null,
            "allocation_id": "eipalloc-0e1e9b1da54244c7b",
            "associate_with_private_ip": null,
            "association_id": "eipassoc-0fe87b8fd8c62312b",
            "carrier_ip": "",
            "customer_owned_ip": "",
            "customer_owned_ipv4_pool": "",
            "domain": "vpc",
            "id": "eipalloc-0e1e9b1da54244c7b",
            "instance": "i-05d0c68e876fd7886",
            "network_border_group": "us-east-1",
            "network_interface": "eni-043b1d1cf44ed24b8",
            "private_dns": "ip-172-31-0-100.ec2.internal",
            "private_ip": "172.31.0.100",
            "public_dns": "ec2-44-195-114-83.compute-1.amazonaws.com",
            "public_ip": "44.195.114.83",
            "public_ipv4_pool": "amazon",
            "tags": {
              "Environment": "Production",
              "Name": "Debian01-EP-Cicerow",
              "Project": "TerraformTest"
            },
            "tags_all": {
              "Environment": "Production",
              "Name": "Debian01-EP-Cicerow",
              "Project": "TerraformTest"
            },
            "timeouts": null,
            "vpc": true
          },
          "sensitive_attributes": [],
          "private": "eyJlMmJmYjczMC1lY2FhLTExZTYtOGY4OC0zNDM2M2JjN2M0YzAiOnsiZGVsZXRlIjoxODAwMDAwMDAwMDAsInJlYWQiOjkwMDAwMDAwMDAwMCwidXBkYXRlIjozMDAwMDAwMDAwMDB9fQ==",
          "dependencies": [
            "aws_db_instance.rds_db_instance",
            "aws_iam_instance_profile.ec2_instance_profile",
            "aws_instance.debian01",
            "aws_network_interface.ec2_private_ip"
          ]
        }
      ]
    },
    {
      "mode": "managed",
      "type": "aws_iam_instance_profile",
      "name": "ec2_instance_profile",
      "provider": "provider[\"registry.terraform.io/hashicorp/aws\"]",
      "instances": [
        {
          "schema_version": 0,
          "attributes": {
            "arn": "arn:aws:iam::743322645550:instance-profile/EC2-Instance-Profile-Cicerow",
            "create_date": "2023-10-14T15:11:08Z",
            "id": "EC2-Instance-Profile-Cicerow",
            "name": "EC2-Instance-Profile-Cicerow",
            "name_prefix": "",
            "path": "/",
            "role": "EC2-IAM-Role-Cicerow",
            "tags": {},
            "tags_all": {},
            "unique_id": "AIPA22EL3OQXM4SO6GRWK"
          },
          "sensitive_attributes": [],
          "private": "bnVsbA==",
          "dependencies": [
            "aws_iam_role.ec2_iam_role"
          ]
        }
      ]
    },
    {
      "mode": "managed",
      "type": "aws_iam_role",
      "name": "ec2_iam_role",
      "provider": "provider[\"registry.terraform.io/hashicorp/aws\"]",
      "instances": [
        {
          "schema_version": 0,
          "attributes": {
            "arn": "arn:aws:iam::743322645550:role/EC2-IAM-Role-Cicerow",
            "assume_role_policy": "{\"Version\":\"2012-10-17\",\"Statement\":[{\"Sid\":\"\",\"Effect\":\"Allow\",\"Principal\":{\"Service\":\"ec2.amazonaws.com\"},\"Action\":\"sts:AssumeRole\"}]}",
            "create_date": "2023-10-14T15:11:07Z",
            "description": "",
            "force_detach_policies": false,
            "id": "EC2-IAM-Role-Cicerow",
            "inline_policy": [
              {
                "name": "EC2-IAM-Policy-Cicerow",
                "policy": "{\"Version\":\"2012-10-17\",\"Statement\":[{\"Action\":[\"s3:*\"],\"Effect\":\"Allow\",\"Resource\":\"*\"}]}"
              }
            ],
            "managed_policy_arns": [],
            "max_session_duration": 3600,
            "name": "EC2-IAM-Role-Cicerow",
            "name_prefix": "",
            "path": "/",
            "permissions_boundary": null,
            "tags": {},
            "tags_all": {},
            "unique_id": "AROA22EL3OQXAKKPCEFM2"
          },
          "sensitive_attributes": [],
          "private": "bnVsbA=="
        }
      ]
    },
    {
      "mode": "managed",
      "type": "aws_iam_role_policy",
      "name": "ec2_iam_policy",
      "provider": "provider[\"registry.terraform.io/hashicorp/aws\"]",
      "instances": [
        {
          "schema_version": 0,
          "attributes": {
            "id": "EC2-IAM-Role-Cicerow:EC2-IAM-Policy-Cicerow",
            "name": "EC2-IAM-Policy-Cicerow",
            "name_prefix": null,
            "policy": "{\n    \"Version\":   \"2012-10-17\",\n    \"Statement\": [\n        {\n            \"Action\": [\n                \"s3:*\"\n            ],\n            \"Effect\": \"Allow\",\n            \"Resource\": \"*\"\n        }\n    ]\n}",
            "role": "EC2-IAM-Role-Cicerow"
          },
          "sensitive_attributes": [],
          "private": "bnVsbA==",
          "dependencies": [
            "aws_iam_role.ec2_iam_role"
          ]
        }
      ]
    },
    {
      "mode": "managed",
      "type": "aws_instance",
      "name": "debian01",
      "provider": "provider[\"registry.terraform.io/hashicorp/aws\"]",
      "instances": [
        {
          "schema_version": 1,
          "attributes": {
            "ami": "ami-07d02ee1eeb0c996c",
            "arn": "arn:aws:ec2:us-east-1:743322645550:instance/i-05d0c68e876fd7886",
            "associate_public_ip_address": true,
            "availability_zone": "us-east-1a",
            "capacity_reservation_specification": [
              {
                "capacity_reservation_preference": "open",
                "capacity_reservation_target": []
              }
            ],
            "cpu_core_count": 1,
            "cpu_options": [
              {
                "amd_sev_snp": "",
                "core_count": 1,
                "threads_per_core": 1
              }
            ],
            "cpu_threads_per_core": 1,
            "credit_specification": [
              {
                "cpu_credits": "standard"
              }
            ],
            "disable_api_stop": false,
            "disable_api_termination": false,
            "ebs_block_device": [],
            "ebs_optimized": false,
            "enclave_options": [
              {
                "enabled": false
              }
            ],
            "ephemeral_block_device": [],
            "get_password_data": false,
            "hibernation": false,
            "host_id": "",
            "host_resource_group_arn": null,
            "iam_instance_profile": "EC2-Instance-Profile-Cicerow",
            "id": "i-05d0c68e876fd7886",
            "instance_initiated_shutdown_behavior": "stop",
            "instance_lifecycle": "",
            "instance_market_options": [],
            "instance_state": "running",
            "instance_type": "t2.micro",
            "ipv6_address_count": 0,
            "ipv6_addresses": [],
            "key_name": "terraform-try-out",
            "launch_template": [],
            "maintenance_options": [
              {
                "auto_recovery": "default"
              }
            ],
            "metadata_options": [
              {
                "http_endpoint": "enabled",
                "http_protocol_ipv6": "disabled",
                "http_put_response_hop_limit": 1,
                "http_tokens": "optional",
                "instance_metadata_tags": "disabled"
              }
            ],
            "monitoring": false,
            "network_interface": [
              {
                "delete_on_termination": false,
                "device_index": 0,
                "network_card_index": 0,
                "network_interface_id": "eni-043b1d1cf44ed24b8"
              }
            ],
            "outpost_arn": "",
            "password_data": "",
            "placement_group": "",
            "placement_partition_number": 0,
            "primary_network_interface_id": "eni-043b1d1cf44ed24b8",
            "private_dns": "ip-172-31-0-100.ec2.internal",
            "private_dns_name_options": [
              {
                "enable_resource_name_dns_a_record": false,
                "enable_resource_name_dns_aaaa_record": false,
                "hostname_type": "ip-name"
              }
            ],
            "private_ip": "172.31.0.100",
            "public_dns": "ec2-54-209-138-190.compute-1.amazonaws.com",
            "public_ip": "54.209.138.190",
            "root_block_device": [
              {
                "delete_on_termination": true,
                "device_name": "/dev/xvda",
                "encrypted": false,
                "iops": 100,
                "kms_key_id": "",
                "tags": {},
                "throughput": 0,
                "volume_id": "vol-0c8ab93d973b171f7",
                "volume_size": 8,
                "volume_type": "gp2"
              }
            ],
            "secondary_private_ips": [],
            "security_groups": [
              "default"
            ],
            "source_dest_check": true,
            "spot_instance_request_id": "",
            "subnet_id": "subnet-54417e33",
            "tags": {
              "Contact": "Cicero Woshington \u003ccicerow.ordb@gmail.com\u003e",
              "Environment": "Production",
              "Name": "Debian01-Cicerow",
              "Project": "TerraformTest"
            },
            "tags_all": {
              "Contact": "Cicero Woshington \u003ccicerow.ordb@gmail.com\u003e",
              "Environment": "Production",
              "Name": "Debian01-Cicerow",
              "Project": "TerraformTest"
            },
            "tenancy": "default",
            "timeouts": null,
            "user_data": "314c9705c409c3a8aca75e01d5d97bf2a10e7b27",
            "user_data_base64": null,
            "user_data_replace_on_change": false,
            "volume_tags": null,
            "vpc_security_group_ids": [
              "sg-27af4c74"
            ]
          },
          "sensitive_attributes": [],
          "private": "eyJlMmJmYjczMC1lY2FhLTExZTYtOGY4OC0zNDM2M2JjN2M0YzAiOnsiY3JlYXRlIjo2MDAwMDAwMDAwMDAsImRlbGV0ZSI6MTIwMDAwMDAwMDAwMCwidXBkYXRlIjo2MDAwMDAwMDAwMDB9LCJzY2hlbWFfdmVyc2lvbiI6IjEifQ==",
          "dependencies": [
            "aws_db_instance.rds_db_instance",
            "aws_iam_instance_profile.ec2_instance_profile",
            "aws_network_interface.ec2_private_ip"
          ]
        }
      ]
    },
    {
      "mode": "managed",
      "type": "aws_network_interface",
      "name": "ec2_private_ip",
      "provider": "provider[\"registry.terraform.io/hashicorp/aws\"]",
      "instances": [
        {
          "schema_version": 0,
          "attributes": {
            "arn": "arn:aws:ec2:us-east-1:743322645550:network-interface/eni-043b1d1cf44ed24b8",
            "attachment": [],
            "description": "",
            "id": "eni-043b1d1cf44ed24b8",
            "interface_type": "interface",
            "ipv4_prefix_count": 0,
            "ipv4_prefixes": [],
            "ipv6_address_count": 0,
            "ipv6_address_list": [],
            "ipv6_address_list_enabled": false,
            "ipv6_addresses": [],
            "ipv6_prefix_count": 0,
            "ipv6_prefixes": [],
            "mac_address": "02:9f:46:7f:de:75",
            "outpost_arn": "",
            "owner_id": "743322645550",
            "private_dns_name": "ip-172-31-0-100.ec2.internal",
            "private_ip": "172.31.0.100",
            "private_ip_list": [
              "172.31.0.100"
            ],
            "private_ip_list_enabled": false,
            "private_ips": [
              "172.31.0.100"
            ],
            "private_ips_count": 0,
            "security_groups": [
              "sg-27af4c74"
            ],
            "source_dest_check": true,
            "subnet_id": "subnet-54417e33",
            "tags": null,
            "tags_all": {}
          },
          "sensitive_attributes": [],
          "private": "bnVsbA=="
        }
      ]
    },
    {
      "module": "module.s3_bucket[0]",
      "mode": "managed",
      "type": "aws_s3_bucket",
      "name": "bucket_html",
      "provider": "provider[\"registry.terraform.io/hashicorp/aws\"]",
      "instances": [
        {
          "schema_version": 0,
          "attributes": {
            "acceleration_status": "",
            "acl": "private",
            "arn": "arn:aws:s3:::bucket-s3-with-html-files-to-deploy-001100",
            "bucket": "bucket-s3-with-html-files-to-deploy-001100",
            "bucket_domain_name": "bucket-s3-with-html-files-to-deploy-001100.s3.amazonaws.com",
            "bucket_prefix": "",
            "bucket_regional_domain_name": "bucket-s3-with-html-files-to-deploy-001100.s3.us-east-1.amazonaws.com",
            "cors_rule": [],
            "force_destroy": false,
            "grant": [
              {
                "id": "a9241f481328fa0454a205658ab33abd4dd6512d6022f4dba44a790745ae3243",
                "permissions": [
                  "FULL_CONTROL"
                ],
                "type": "CanonicalUser",
                "uri": ""
              }
            ],
            "hosted_zone_id": "Z3AQBSTGFYJSTF",
            "id": "bucket-s3-with-html-files-to-deploy-001100",
            "lifecycle_rule": [
              {
                "abort_incomplete_multipart_upload_days": 0,
                "enabled": true,
                "expiration": [
                  {
                    "date": "",
                    "days": 90,
                    "expired_object_delete_marker": false
                  }
                ],
                "id": "all-files",
                "noncurrent_version_expiration": [],
                "noncurrent_version_transition": [],
                "prefix": "",
                "tags": {
                  "autoclean": "true",
                  "rule": "all-files"
                },
                "transition": [
                  {
                    "date": "",
                    "days": 30,
                    "storage_class": "STANDARD_IA"
                  },
                  {
                    "date": "",
                    "days": 60,
                    "storage_class": "GLACIER"
                  }
                ]
              },
              {
                "abort_incomplete_multipart_upload_days": 0,
                "enabled": true,
                "expiration": [
                  {
                    "date": "2021-12-31",
                    "days": 0,
                    "expired_object_delete_marker": false
                  }
                ],
                "id": "tmp",
                "noncurrent_version_expiration": [],
                "noncurrent_version_transition": [],
                "prefix": "tmp/",
                "tags": null,
                "transition": []
              }
            ],
            "logging": [],
            "object_lock_configuration": [],
            "object_lock_enabled": false,
            "policy": "",
            "region": "us-east-1",
            "replication_configuration": [],
            "request_payer": "BucketOwner",
            "server_side_encryption_configuration": [
              {
                "rule": [
                  {
                    "apply_server_side_encryption_by_default": [
                      {
                        "kms_master_key_id": "",
                        "sse_algorithm": "AES256"
                      }
                    ],
                    "bucket_key_enabled": false
                  }
                ]
              }
            ],
            "tags": null,
            "tags_all": {},
            "timeouts": null,
            "versioning": [
              {
                "enabled": true,
                "mfa_delete": false
              }
            ],
            "website": [],
            "website_domain": null,
            "website_endpoint": null
          },
          "sensitive_attributes": [],
          "private": "eyJlMmJmYjczMC1lY2FhLTExZTYtOGY4OC0zNDM2M2JjN2M0YzAiOnsiY3JlYXRlIjoxMjAwMDAwMDAwMDAwLCJkZWxldGUiOjM2MDAwMDAwMDAwMDAsInJlYWQiOjEyMDAwMDAwMDAwMDAsInVwZGF0ZSI6MTIwMDAwMDAwMDAwMH19"
        }
      ]
    }
  ]
}
